
Microsoft Visual Studio Solution File, Format Version 12.00
# Visual Studio Version 16
VisualStudioVersion = 16.0.30907.101
MinimumVisualStudioVersion = 10.0.40219.1
Project("{9A19103F-16F7-4668-BE54-9A1E7A4F7556}") = "project", "project.csproj", "{866CC404-DDDC-47F2-858E-1C4768A72FDF}"
EndProject
Project("{2150E333-8FDC-42A3-9474-1A3956D46DE8}") = "Solution Items", "Solution Items", "{6F9971DF-0209-4BC2-9372-9B7F99FF4EE2}"
	ProjectSection(SolutionItems) = preProject
		.editorconfig = .editorconfig
	EndProjectSection
EndProject
Global
	GlobalSection(SolutionConfigurationPlatforms) = preSolution
		Debug|Any CPU = Debug|Any CPU
		Release|Any CPU = Release|Any CPU
	EndGlobalSection
	GlobalSection(ProjectConfigurationPlatforms) = postSolution
		{866CC404-DDDC-47F2-858E-1C4768A72FDF}.Debug|Any CPU.ActiveCfg = Debug|Any CPU
		{866CC404-DDDC-47F2-858E-1C4768A72FDF}.Debug|Any CPU.Build.0 = Debug|Any CPU
		{866CC404-DDDC-47F2-858E-1C4768A72FDF}.Release|Any CPU.ActiveCfg = Release|Any CPU
		{866CC404-DDDC-47F2-858E-1C4768A72FDF}.Release|Any CPU.Build.0 = Release|Any CPU
	EndGlobalSection
	GlobalSection(SolutionProperties) = preSolution
		HideSolutionNode = FALSE
	EndGlobalSection
	GlobalSection(ExtensibilityGlobals) = postSolution
		SolutionGuid = {09ECBBA8-F3AD-4622-B98E-C9D7B08A634D}
	EndGlobalSection
EndGlobal
